// !$*UTF8*$!
{
	archiveVersion = 1;
	classes = {
	};
	objectVersion = 50;
	objects = {

/* Begin PBXBuildFile section */
		460EB915242F66D4009A4DDF /* AppDelegate.swift in Sources */ = {isa = PBXBuildFile; fileRef = 460EB914242F66D4009A4DDF /* AppDelegate.swift */; };
		460EB917242F66D4009A4DDF /* SceneDelegate.swift in Sources */ = {isa = PBXBuildFile; fileRef = 460EB916242F66D4009A4DDF /* SceneDelegate.swift */; };
		460EB919242F66D4009A4DDF /* ViewController.swift in Sources */ = {isa = PBXBuildFile; fileRef = 460EB918242F66D4009A4DDF /* ViewController.swift */; };
		460EB91C242F66D4009A4DDF /* Main.storyboard in Resources */ = {isa = PBXBuildFile; fileRef = 460EB91A242F66D4009A4DDF /* Main.storyboard */; };
		460EB91E242F66D5009A4DDF /* Assets.xcassets in Resources */ = {isa = PBXBuildFile; fileRef = 460EB91D242F66D5009A4DDF /* Assets.xcassets */; };
		460EB921242F66D5009A4DDF /* LaunchScreen.storyboard in Resources */ = {isa = PBXBuildFile; fileRef = 460EB91F242F66D5009A4DDF /* LaunchScreen.storyboard */; };
/* End PBXBuildFile section */

/* Begin PBXFileReference section */
		460EB911242F66D4009A4DDF /* CleanScreen.app */ = {isa = PBXFileReference; explicitFileType = wrapper.application; includeInIndex = 0; path = CleanScreen.app; sourceTree = BUILT_PRODUCTS_DIR; };
		460EB914242F66D4009A4DDF /* AppDelegate.swift */ = {isa = PBXFileReference; lastKnownFileType = sourcecode.swift; path = AppDelegate.swift; sourceTree = "<group>"; };
		460EB916242F66D4009A4DDF /* SceneDelegate.swift */ = {isa = PBXFileReference; lastKnownFileType = sourcecode.swift; path = SceneDelegate.swift; sourceTree = "<group>"; };
		460EB918242F66D4009A4DDF /* ViewController.swift */ = {isa = PBXFileReference; lastKnownFileType = sourcecode.swift; path = ViewController.swift; sourceTree = "<group>"; };
		460EB91B242F66D4009A4DDF /* Base */ = {isa = PBXFileReference; lastKnownFileType = file.storyboard; name = Base; path = Base.lproj/Main.storyboard; sourceTree = "<group>"; };
		460EB91D242F66D5009A4DDF /* Assets.xcassets */ = {isa = PBXFileReference; lastKnownFileType = folder.assetcatalog; path = Assets.xcassets; sourceTree = "<group>"; };
		460EB920242F66D5009A4DDF /* Base */ = {isa = PBXFileReference; lastKnownFileType = file.storyboard; name = Base; path = Base.lproj/LaunchScreen.storyboard; sourceTree = "<group>"; };
		460EB922242F66D5009A4DDF /* Info.plist */ = {isa = PBXFileReference; lastKnownFileType = text.plist.xml; path = Info.plist; sourceTree = "<group>"; };
/* End PBXFileReference section */

/* Begin PBXFrameworksBuildPhase section */
		460EB90E242F66D4009A4DDF /* Frameworks */ = {
			isa = PBXFrameworksBuildPhase;
			buildActionMask = 2147483647;
			files = (
			);
			runOnlyForDeploymentPostprocessing = 0;
		};
/* End PBXFrameworksBuildPhase section */

/* Begin PBXGroup section */
		460EB908242F66D4009A4DDF = {
			isa = PBXGroup;
			children = (
				460EB913242F66D4009A4DDF /* CleanScreen */,
				460EB912242F66D4009A4DDF /* Products */,
			);
			sourceTree = "<group>";
		};
		460EB912242F66D4009A4DDF /* Products */ = {
			isa = PBXGroup;
			children = (
				460EB911242F66D4009A4DDF /* CleanScreen.app */,
			);
			name = Products;
			sourceTree = "<group>";
		};
		460EB913242F66D4009A4DDF /* CleanScreen */ = {
			isa = PBXGroup;
			children = (
				460EB914242F66D4009A4DDF /* AppDelegate.swift */,
				460EB916242F66D4009A4DDF /* SceneDelegate.swift */,
				460EB918242F66D4009A4DDF /* ViewController.swift */,
				460EB91A242F66D4009A4DDF /* Main.storyboard */,
				460EB91D242F66D5009A4DDF /* Assets.xcassets */,
				460EB91F242F66D5009A4DDF /* LaunchScreen.storyboard */,
				460EB922242F66D5009A4DDF /* Info.plist */,
			);
			path = CleanScreen;
			sourceTree = "<group>";
		};
/* End PBXGroup section */

/* Begin PBXNativeTarget section */
		460EB910242F66D4009A4DDF /* CleanScreen */ = {
			isa = PBXNativeTarget;
			buildConfigurationList = 460EB925242F66D5009A4DDF /* Build configuration list for PBXNativeTarget "CleanScreen" */;
			buildPhases = (
				460EB90D242F66D4009A4DDF /* Sources */,
				460EB90E242F66D4009A4DDF /* Frameworks */,
				460EB90F242F66D4009A4DDF /* Resources */,
			);
			buildRules = (
			);
			dependencies = (
			);
			name = CleanScreen;
			productName = CleanScreen;
			productReference = 460EB911242F66D4009A4DDF /* CleanScreen.app */;
			productType = "com.apple.product-type.application";
		};
/* End PBXNativeTarget section */

/* Begin PBXProject section */
		460EB909242F66D4009A4DDF /* Project object */ = {
			isa = PBXProject;
			attributes = {
				LastSwiftUpdateCheck = 1130;
				LastUpgradeCheck = 1130;
				ORGANIZATIONNAME = "Christophe Bugnon";
				TargetAttributes = {
					460EB910242F66D4009A4DDF = {
						CreatedOnToolsVersion = 11.3;
					};
				};
			};
			buildConfigurationList = 460EB90C242F66D4009A4DDF /* Build configuration list for PBXProject "CleanScreen" */;
			compatibilityVersion = "Xcode 9.3";
			developmentRegion = en;
			hasScannedForEncodings = 0;
			knownRegions = (
				en,
				Base,
			);
			mainGroup = 460EB908242F66D4009A4DDF;
			productRefGroup = 460EB912242F66D4009A4DDF /* Products */;
			projectDirPath = "";
			projectRoot = "";
			targets = (
				460EB910242F66D4009A4DDF /* CleanScreen */,
			);
		};
/* End PBXProject section */

/* Begin PBXResourcesBuildPhase section */
		460EB90F242F66D4009A4DDF /* Resources */ = {
			isa = PBXResourcesBuildPhase;
			buildActionMask = 2147483647;
			files = (
				460EB921242F66D5009A4DDF /* LaunchScreen.storyboard in Resources */,
				460EB91E242F66D5009A4DDF /* Assets.xcassets in Resources */,
				460EB91C242F66D4009A4DDF /* Main.storyboard in Resources */,
			);
			runOnlyForDeploymentPostprocessing = 0;
		};
/* End PBXResourcesBuildPhase section */

/* Begin PBXSourcesBuildPhase section */
		460EB90D242F66D4009A4DDF /* Sources */ = {
			isa = PBXSourcesBuildPhase;
			buildActionMask = 2147483647;
			files = (
				460EB919242F66D4009A4DDF /* ViewController.swift in Sources */,
				460EB915242F66D4009A4DDF /* AppDelegate.swift in Sources */,
				460EB917242F66D4009A4DDF /* SceneDelegate.swift in Sources */,
			);
			runOnlyForDeploymentPostprocessing = 0;
		};
/* End PBXSourcesBuildPhase section */

/* Begin PBXVariantGroup section */
		460EB91A242F66D4009A4DDF /* Main.storyboard */ = {
			isa = PBXVariantGroup;
			children = (
				460EB91B242F66D4009A4DDF /* Base */,
			);
			name = Main.storyboard;
			sourceTree = "<group>";
		};
		460EB91F242F66D5009A4DDF /* LaunchScreen.storyboard */ = {
			isa = PBXVariantGroup;
			children = (
				460EB920242F66D5009A4DDF /* Base */,
			);
			name = LaunchScreen.storyboard;
			sourceTree = "<group>";
		};
/* End PBXVariantGroup section */

/* Begin XCBuildConfiguration section */
		460EB923242F66D5009A4DDF /* Debug */ = {
			isa = XCBuildConfiguration;
			buildSettings = {
				ALWAYS_SEARCH_USER_PATHS = NO;
				CLANG_ANALYZER_NONNULL = YES;
				CLANG_ANALYZER_NUMBER_OBJECT_CONVERSION = YES_AGGRESSIVE;
				CLANG_CXX_LANGUAGE_STANDARD = "gnu++14";
				CLANG_CXX_LIBRARY = "libc++";
				CLANG_ENABLE_MODULES = YES;
				CLANG_ENABLE_OBJC_ARC = YES;
				CLANG_ENABLE_OBJC_WEAK = YES;
				CLANG_WARN_BLOCK_CAPTURE_AUTORELEASING = YES;
				CLANG_WARN_BOOL_CONVERSION = YES;
				CLANG_WARN_COMMA = YES;
				CLANG_WARN_CONSTANT_CONVERSION = YES;
				CLANG_WARN_DEPRECATED_OBJC_IMPLEMENTATIONS = YES;
				CLANG_WARN_DIRECT_OBJC_ISA_USAGE = YES_ERROR;
				CLANG_WARN_DOCUMENTATION_COMMENTS = YES;
				CLANG_WARN_EMPTY_BODY = YES;
				CLANG_WARN_ENUM_CONVERSION = YES;
				CLANG_WARN_INFINITE_RECURSION = YES;
				CLANG_WARN_INT_CONVERSION = YES;
				CLANG_WARN_NON_LITERAL_NULL_CONVERSION = YES;
				CLANG_WARN_OBJC_IMPLICIT_RETAIN_SELF = YES;
				CLANG_WARN_OBJC_LITERAL_CONVERSION = YES;
				CLANG_WARN_OBJC_ROOT_CLASS = YES_ERROR;
				CLANG_WARN_RANGE_LOOP_ANALYSIS = YES;
				CLANG_WARN_STRICT_PROTOTYPES = YES;
				CLANG_WARN_SUSPICIOUS_MOVE = YES;
				CLANG_WARN_UNGUARDED_AVAILABILITY = YES_AGGRESSIVE;
				CLANG_WARN_UNREACHABLE_CODE = YES;
				CLANG_WARN__DUPLICATE_METHOD_MATCH = YES;
				COPY_PHASE_STRIP = NO;
				DEBUG_INFORMATION_FORMAT = dwarf;
				ENABLE_STRICT_OBJC_MSGSEND = YES;
				ENABLE_TESTABILITY = YES;
				GCC_C_LANGUAGE_STANDARD = gnu11;
				GCC_DYNAMIC_NO_PIC = NO;
				GCC_NO_COMMON_BLOCKS = YES;
				GCC_OPTIMIZATION_LEVEL = 0;
				GCC_PREPROCESSOR_DEFINITIONS = (
					"DEBUG=1",
					"$(inherited)",
				);
				GCC_WARN_64_TO_32_BIT_CONVERSION = YES;
				GCC_WARN_ABOUT_RETURN_TYPE = YES_ERROR;
				GCC_WARN_UNDECLARED_SELECTOR = YES;
				GCC_WARN_UNINITIALIZED_AUTOS = YES_AGGRESSIVE;
				GCC_WARN_UNUSED_FUNCTION = YES;
				GCC_WARN_UNUSED_VARIABLE = YES;
				IPHONEOS_DEPLOYMENT_TARGET = 13.2;
				MTL_ENABLE_DEBUG_INFO = INCLUDE_SOURCE;
				MTL_FAST_MATH = YES;
				ONLY_ACTIVE_ARCH = YES;
				SDKROOT = iphoneos;
				SWIFT_ACTIVE_COMPILATION_CONDITIONS = DEBUG;
				SWIFT_OPTIMIZATION_LEVEL = "-Onone";
			};
			name = Debug;
		};
		460EB924242F66D5009A4DDF /* Release */ = {
			isa = XCBuildConfiguration;
			buildSettings = {
				ALWAYS_SEARCH_USER_PATHS = NO;
				CLANG_ANALYZER_NONNULL = YES;
				CLANG_ANALYZER_NUMBER_OBJECT_CONVERSION = YES_AGGRESSIVE;
				CLANG_CXX_LANGUAGE_STANDARD = "gnu++14";
				CLANG_CXX_LIBRARY = "libc++";
				CLANG_ENABLE_MODULES = YES;
				CLANG_ENABLE_OBJC_ARC = YES;
				CLANG_ENABLE_OBJC_WEAK = YES;
				CLANG_WARN_BLOCK_CAPTURE_AUTORELEASING = YES;
				CLANG_WARN_BOOL_CONVERSION = YES;
				CLANG_WARN_COMMA = YES;
				CLANG_WARN_CONSTANT_CONVERSION = YES;
				CLANG_WARN_DEPRECATED_OBJC_IMPLEMENTATIONS = YES;
				CLANG_WARN_DIRECT_OBJC_ISA_USAGE = YES_ERROR;
				CLANG_WARN_DOCUMENTATION_COMMENTS = YES;
				CLANG_WARN_EMPTY_BODY = YES;
				CLANG_WARN_ENUM_CONVERSION = YES;
				CLANG_WARN_INFINITE_RECURSION = YES;
				CLANG_WARN_INT_CONVERSION = YES;
				CLANG_WARN_NON_LITERAL_NULL_CONVERSION = YES;
				CLANG_WARN_OBJC_IMPLICIT_RETAIN_SELF = YES;
				CLANG_WARN_OBJC_LITERAL_CONVERSION = YES;
				CLANG_WARN_OBJC_ROOT_CLASS = YES_ERROR;
				CLANG_WARN_RANGE_LOOP_ANALYSIS = YES;
				CLANG_WARN_STRICT_PROTOTYPES = YES;
				CLANG_WARN_SUSPICIOUS_MOVE = YES;
				CLANG_WARN_UNGUARDED_AVAILABILITY = YES_AGGRESSIVE;
				CLANG_WARN_UNREACHABLE_CODE = YES;
				CLANG_WARN__DUPLICATE_METHOD_MATCH = YES;
				COPY_PHASE_STRIP = NO;
				DEBUG_INFORMATION_FORMAT = "dwarf-with-dsym";
				ENABLE_NS_ASSERTIONS = NO;
				ENABLE_STRICT_OBJC_MSGSEND = YES;
				GCC_C_LANGUAGE_STANDARD = gnu11;
				GCC_NO_COMMON_BLOCKS = YES;
				GCC_WARN_64_TO_32_BIT_CONVERSION = YES;
				GCC_WARN_ABOUT_RETURN_TYPE = YES_ERROR;
				GCC_WARN_UNDECLARED_SELECTOR = YES;
				GCC_WARN_UNINITIALIZED_AUTOS = YES_AGGRESSIVE;
				GCC_WARN_UNUSED_FUNCTION = YES;
				GCC_WARN_UNUSED_VARIABLE = YES;
				IPHONEOS_DEPLOYMENT_TARGET = 13.2;
				MTL_ENABLE_DEBUG_INFO = NO;
				MTL_FAST_MATH = YES;
				SDKROOT = iphoneos;
				SWIFT_COMPILATION_MODE = wholemodule;
				SWIFT_OPTIMIZATION_LEVEL = "-O";
				VALIDATE_PRODUCT = YES;
			};
			name = Release;
		};
		460EB926242F66D5009A4DDF /* Debug */ = {
			isa = XCBuildConfiguration;
			buildSettings = {
				ASSETCATALOG_COMPILER_APPICON_NAME = AppIcon;
				CODE_SIGN_STYLE = Automatic;
				DEVELOPMENT_TEAM = GB5Q295YX5;
				INFOPLIST_FILE = CleanScreen/Info.plist;
				LD_RUNPATH_SEARCH_PATHS = (
					"$(inherited)",
					"@executable_path/Frameworks",
				);
				PRODUCT_BUNDLE_IDENTIFIER = com.christophebugnon.CleanScreen;
				PRODUCT_NAME = "$(TARGET_NAME)";
				SWIFT_VERSION = 5.0;
				TARGETED_DEVICE_FAMILY = "1,2";
			};
			name = Debug;
		};
		460EB927242F66D5009A4DDF /* Release */ = {
			isa = XCBuildConfiguration;
			buildSettings = {
				ASSETCATALOG_COMPILER_APPICON_NAME = AppIcon;
				CODE_SIGN_STYLE = Automatic;
				DEVELOPMENT_TEAM = GB5Q295YX5;
				INFOPLIST_FILE = CleanScreen/Info.plist;
				LD_RUNPATH_SEARCH_PATHS = (
					"$(inherited)",
					"@executable_path/Frameworks",
				);
				PRODUCT_BUNDLE_IDENTIFIER = com.christophebugnon.CleanScreen;
				PRODUCT_NAME = "$(TARGET_NAME)";
				SWIFT_VERSION = 5.0;
				TARGETED_DEVICE_FAMILY = "1,2";
			};
			name = Release;
		};
/* End XCBuildConfiguration section */

/* Begin XCConfigurationList section */
		460EB90C242F66D4009A4DDF /* Build configuration list for PBXProject "CleanScreen" */ = {
			isa = XCConfigurationList;
			buildConfigurations = (
				460EB923242F66D5009A4DDF /* Debug */,
				460EB924242F66D5009A4DDF /* Release */,
			);
			defaultConfigurationIsVisible = 0;
			defaultConfigurationName = Release;
		};
		460EB925242F66D5009A4DDF /* Build configuration list for PBXNativeTarget "CleanScreen" */ = {
			isa = XCConfigurationList;
			buildConfigurations = (
				460EB926242F66D5009A4DDF /* Debug */,
				460EB927242F66D5009A4DDF /* Release */,
			);
			defaultConfigurationIsVisible = 0;
			defaultConfigurationName = Release;
		};
/* End XCConfigurationList section */
	};
	rootObject = 460EB909242F66D4009A4DDF /* Project object */;
}
